{
  "name": "Code Challenge",
  "lockfileVersion": 2,
  "requires": true,
  "packages": {
    "": {
      "dependencies": {
        "react-json-to-csv": "^1.0.4"
      }
    },
    "node_modules/json-to-csv-export": {
      "version": "1.0.2",
      "resolved": "https://registry.npmjs.org/json-to-csv-export/-/json-to-csv-export-1.0.2.tgz",
      "integrity": "sha512-8yim1kx6h6KoAGDanN65KnFb2rTB60QBUbVqq1302AVSbj9bvzL7f7druqzSNEA5hMMGsqI5G5WcU0tnKWks1Q=="
    },
    "node_modules/react-json-to-csv": {
      "version": "1.0.4",
      "resolved": "https://registry.npmjs.org/react-json-to-csv/-/react-json-to-csv-1.0.4.tgz",
      "integrity": "sha512-WiLLNrJ3ruyLxPN6HS5kX5EOv5I1Wj3rB2/gS3uzz3gKHTvqUMaTEVIt2lLpvLoHHWRsRy0p629qiTsTN8hemw==",
      "dependencies": {
        "json-to-csv-export": "^1.0.2"
      }
    }
  },
  "dependencies": {
    "json-to-csv-export": {
      "version": "1.0.2",
      "resolved": "https://registry.npmjs.org/json-to-csv-export/-/json-to-csv-export-1.0.2.tgz",
      "integrity": "sha512-8yim1kx6h6KoAGDanN65KnFb2rTB60QBUbVqq1302AVSbj9bvzL7f7druqzSNEA5hMMGsqI5G5WcU0tnKWks1Q=="
    },
    "react-json-to-csv": {
      "version": "1.0.4",
      "resolved": "https://registry.npmjs.org/react-json-to-csv/-/react-json-to-csv-1.0.4.tgz",
      "integrity": "sha512-WiLLNrJ3ruyLxPN6HS5kX5EOv5I1Wj3rB2/gS3uzz3gKHTvqUMaTEVIt2lLpvLoHHWRsRy0p629qiTsTN8hemw==",
      "requires": {
        "json-to-csv-export": "^1.0.2"
      }
    }
  }
}
